
Microsoft Visual Studio Solution File, Format Version 12.00
# Visual Studio Version 17
VisualStudioVersion = 17.10.35027.167
MinimumVisualStudioVersion = 10.0.40219.1
Project("{FAE04EC0-301F-11D3-BF4B-00C04F79EFBC}") = "Libmot.DemurrageApplicationAPI", "Libmot.DemurrageApplicationAPI\Libmot.DemurrageApplicationAPI.csproj", "{EC9B3A59-C7DC-4D83-AE43-5BADFF8F13FD}"
EndProject
Global
	GlobalSection(SolutionConfigurationPlatforms) = preSolution
		Debug|Any CPU = Debug|Any CPU
		Release|Any CPU = Release|Any CPU
	EndGlobalSection
	GlobalSection(ProjectConfigurationPlatforms) = postSolution
		{EC9B3A59-C7DC-4D83-AE43-5BADFF8F13FD}.Debug|Any CPU.ActiveCfg = Debug|Any CPU
		{EC9B3A59-C7DC-4D83-AE43-5BADFF8F13FD}.Debug|Any CPU.Build.0 = Debug|Any CPU
		{EC9B3A59-C7DC-4D83-AE43-5BADFF8F13FD}.Release|Any CPU.ActiveCfg = Release|Any CPU
		{EC9B3A59-C7DC-4D83-AE43-5BADFF8F13FD}.Release|Any CPU.Build.0 = Release|Any CPU
	EndGlobalSection
	GlobalSection(SolutionProperties) = preSolution
		HideSolutionNode = FALSE
	EndGlobalSection
	GlobalSection(ExtensibilityGlobals) = postSolution
		SolutionGuid = {60117EBF-E21A-48D6-BE17-6870BCCE5D7B}
	EndGlobalSection
EndGlobal
